
Microsoft Visual Studio Solution File, Format Version 12.00
# Visual Studio 2012
Project("{8BC9CEB8-8B4A-11D0-8D11-00A0C91BC942}") = "capstone-win32", "capstone-win32\capstone-win32.vcxproj", "{5B01D900-2359-44CA-9914-6B0C6AFB7BE7}"
EndProject
Project("{8BC9CEB8-8B4A-11D0-8D11-00A0C91BC942}") = "capstone-test", "capstone-test\capstone-test.vcxproj", "{B291E0D9-4B39-4AF8-971D-A015B78D54A1}"
EndProject
Project("{8BC9CEB8-8B4A-11D0-8D11-00A0C91BC942}") = "capstone-test-x86", "capstone-test-x86\capstone-test-x86.vcxproj", "{9C69243E-C7DC-42A4-AB86-0696E51697C8}"
EndProject
Project("{8BC9CEB8-8B4A-11D0-8D11-00A0C91BC942}") = "capstone-test-arm", "capstone-test-arm\capstone-test-arm.vcxproj", "{349B99E4-2E79-44FE-96F9-02D9B4EC0584}"
EndProject
Project("{8BC9CEB8-8B4A-11D0-8D11-00A0C91BC942}") = "capstone-test-arm64", "capstone-test-arm64\capstone-test-arm64.vcxproj", "{CBE31473-7D0E-41F5-AFCB-8C8422ED8908}"
EndProject
Project("{8BC9CEB8-8B4A-11D0-8D11-00A0C91BC942}") = "capstone-test-mips", "capstone-test-mips\capstone-test-mips.vcxproj", "{28B2D82F-3E95-4ECE-8118-0E891BD453E0}"
EndProject
Project("{8BC9CEB8-8B4A-11D0-8D11-00A0C91BC942}") = "capstone-test-ppc", "capstone-test-ppc\capstone-test-ppc.vcxproj", "{0B78E956-F897-4149-BFB2-BE87DA3A6F0D}"
EndProject
Project("{8BC9CEB8-8B4A-11D0-8D11-00A0C91BC942}") = "capstone-test-sparc", "capstone-test-sparc\capstone-test-sparc.vcxproj", "{9E735ABA-00D9-4114-A9E7-0568D8DFF94B}"
EndProject
Project("{8BC9CEB8-8B4A-11D0-8D11-00A0C91BC942}") = "capstone-test-systemz", "capstone-test-systemz\capstone-test-systemz.vcxproj", "{D83F2A2D-D5F1-421E-A5B7-B47F1ECABAD2}"
EndProject
Project("{8BC9CEB8-8B4A-11D0-8D11-00A0C91BC942}") = "capstone-test-detail", "capstone-test-detail\capstone-test-detail.vcxproj", "{A510F308-3094-4FF6-9DFC-539CC5260BA4}"
EndProject
Project("{8BC9CEB8-8B4A-11D0-8D11-00A0C91BC942}") = "capstone-test-skipdata", "capstone-test-skipdata\capstone-test-skipdata.vcxproj", "{B09819BB-7EF1-4B04-945D-58117E6940A1}"
EndProject
Global
	GlobalSection(SolutionConfigurationPlatforms) = preSolution
		Debug|Win32 = Debug|Win32
		Release|Win32 = Release|Win32
	EndGlobalSection
	GlobalSection(ProjectConfigurationPlatforms) = postSolution
		{5B01D900-2359-44CA-9914-6B0C6AFB7BE7}.Debug|Win32.ActiveCfg = Debug|Win32
		{5B01D900-2359-44CA-9914-6B0C6AFB7BE7}.Debug|Win32.Build.0 = Debug|Win32
		{5B01D900-2359-44CA-9914-6B0C6AFB7BE7}.Release|Win32.ActiveCfg = Release|Win32
		{5B01D900-2359-44CA-9914-6B0C6AFB7BE7}.Release|Win32.Build.0 = Release|Win32
		{B291E0D9-4B39-4AF8-971D-A015B78D54A1}.Debug|Win32.ActiveCfg = Debug|Win32
		{B291E0D9-4B39-4AF8-971D-A015B78D54A1}.Debug|Win32.Build.0 = Debug|Win32
		{B291E0D9-4B39-4AF8-971D-A015B78D54A1}.Release|Win32.ActiveCfg = Release|Win32
		{B291E0D9-4B39-4AF8-971D-A015B78D54A1}.Release|Win32.Build.0 = Release|Win32
		{9C69243E-C7DC-42A4-AB86-0696E51697C8}.Debug|Win32.ActiveCfg = Debug|Win32
		{9C69243E-C7DC-42A4-AB86-0696E51697C8}.Debug|Win32.Build.0 = Debug|Win32
		{9C69243E-C7DC-42A4-AB86-0696E51697C8}.Release|Win32.ActiveCfg = Release|Win32
		{9C69243E-C7DC-42A4-AB86-0696E51697C8}.Release|Win32.Build.0 = Release|Win32
		{349B99E4-2E79-44FE-96F9-02D9B4EC0584}.Debug|Win32.ActiveCfg = Debug|Win32
		{349B99E4-2E79-44FE-96F9-02D9B4EC0584}.Debug|Win32.Build.0 = Debug|Win32
		{349B99E4-2E79-44FE-96F9-02D9B4EC0584}.Release|Win32.ActiveCfg = Release|Win32
		{349B99E4-2E79-44FE-96F9-02D9B4EC0584}.Release|Win32.Build.0 = Release|Win32
		{CBE31473-7D0E-41F5-AFCB-8C8422ED8908}.Debug|Win32.ActiveCfg = Debug|Win32
		{CBE31473-7D0E-41F5-AFCB-8C8422ED8908}.Debug|Win32.Build.0 = Debug|Win32
		{CBE31473-7D0E-41F5-AFCB-8C8422ED8908}.Release|Win32.ActiveCfg = Release|Win32
		{CBE31473-7D0E-41F5-AFCB-8C8422ED8908}.Release|Win32.Build.0 = Release|Win32
		{28B2D82F-3E95-4ECE-8118-0E891BD453E0}.Debug|Win32.ActiveCfg = Debug|Win32
		{28B2D82F-3E95-4ECE-8118-0E891BD453E0}.Debug|Win32.Build.0 = Debug|Win32
		{28B2D82F-3E95-4ECE-8118-0E891BD453E0}.Release|Win32.ActiveCfg = Release|Win32
		{28B2D82F-3E95-4ECE-8118-0E891BD453E0}.Release|Win32.Build.0 = Release|Win32
		{0B78E956-F897-4149-BFB2-BE87DA3A6F0D}.Debug|Win32.ActiveCfg = Debug|Win32
		{0B78E956-F897-4149-BFB2-BE87DA3A6F0D}.Debug|Win32.Build.0 = Debug|Win32
		{0B78E956-F897-4149-BFB2-BE87DA3A6F0D}.Release|Win32.ActiveCfg = Release|Win32
		{0B78E956-F897-4149-BFB2-BE87DA3A6F0D}.Release|Win32.Build.0 = Release|Win32
		{9E735ABA-00D9-4114-A9E7-0568D8DFF94B}.Debug|Win32.ActiveCfg = Debug|Win32
		{9E735ABA-00D9-4114-A9E7-0568D8DFF94B}.Debug|Win32.Build.0 = Debug|Win32
		{9E735ABA-00D9-4114-A9E7-0568D8DFF94B}.Release|Win32.ActiveCfg = Release|Win32
		{9E735ABA-00D9-4114-A9E7-0568D8DFF94B}.Release|Win32.Build.0 = Release|Win32
		{D83F2A2D-D5F1-421E-A5B7-B47F1ECABAD2}.Debug|Win32.ActiveCfg = Debug|Win32
		{D83F2A2D-D5F1-421E-A5B7-B47F1ECABAD2}.Debug|Win32.Build.0 = Debug|Win32
		{D83F2A2D-D5F1-421E-A5B7-B47F1ECABAD2}.Release|Win32.ActiveCfg = Release|Win32
		{D83F2A2D-D5F1-421E-A5B7-B47F1ECABAD2}.Release|Win32.Build.0 = Release|Win32
		{A510F308-3094-4FF6-9DFC-539CC5260BA4}.Debug|Win32.ActiveCfg = Debug|Win32
		{A510F308-3094-4FF6-9DFC-539CC5260BA4}.Debug|Win32.Build.0 = Debug|Win32
		{A510F308-3094-4FF6-9DFC-539CC5260BA4}.Release|Win32.ActiveCfg = Release|Win32
		{A510F308-3094-4FF6-9DFC-539CC5260BA4}.Release|Win32.Build.0 = Release|Win32
		{B09819BB-7EF1-4B04-945D-58117E6940A1}.Debug|Win32.ActiveCfg = Debug|Win32
		{B09819BB-7EF1-4B04-945D-58117E6940A1}.Debug|Win32.Build.0 = Debug|Win32
		{B09819BB-7EF1-4B04-945D-58117E6940A1}.Release|Win32.ActiveCfg = Release|Win32
		{B09819BB-7EF1-4B04-945D-58117E6940A1}.Release|Win32.Build.0 = Release|Win32
	EndGlobalSection
	GlobalSection(SolutionProperties) = preSolution
		HideSolutionNode = FALSE
	EndGlobalSection
EndGlobal
