
Microsoft Visual Studio Solution File, Format Version 12.00
# Visual Studio 2012
Project("{8BC9CEB8-8B4A-11D0-8D11-00A0C91BC942}") = "capstone-static", "capstone-static\capstone-static.vcxproj", "{5B01D900-2359-44CA-9914-6B0C6AFB7BE7}"
EndProject
Project("{8BC9CEB8-8B4A-11D0-8D11-00A0C91BC942}") = "test", "test\test.vcxproj", "{B291E0D9-4B39-4AF8-971D-A015B78D54A1}"
EndProject
Project("{8BC9CEB8-8B4A-11D0-8D11-00A0C91BC942}") = "test-x86", "test-x86\test-x86.vcxproj", "{9C69243E-C7DC-42A4-AB86-0696E51697C8}"
EndProject
Project("{8BC9CEB8-8B4A-11D0-8D11-00A0C91BC942}") = "test-arm", "test-arm\test-arm.vcxproj", "{349B99E4-2E79-44FE-96F9-02D9B4EC0584}"
EndProject
Project("{8BC9CEB8-8B4A-11D0-8D11-00A0C91BC942}") = "test-arm64", "test-arm64\test-arm64.vcxproj", "{CBE31473-7D0E-41F5-AFCB-8C8422ED8908}"
EndProject
Project("{8BC9CEB8-8B4A-11D0-8D11-00A0C91BC942}") = "test-mips", "test-mips\test-mips.vcxproj", "{28B2D82F-3E95-4ECE-8118-0E891BD453E0}"
EndProject
Project("{8BC9CEB8-8B4A-11D0-8D11-00A0C91BC942}") = "test-ppc", "test-ppc\test-ppc.vcxproj", "{0B78E956-F897-4149-BFB2-BE87DA3A6F0D}"
EndProject
Project("{8BC9CEB8-8B4A-11D0-8D11-00A0C91BC942}") = "test-sparc", "test-sparc\test-sparc.vcxproj", "{9E735ABA-00D9-4114-A9E7-0568D8DFF94B}"
EndProject
Project("{8BC9CEB8-8B4A-11D0-8D11-00A0C91BC942}") = "test-systemz", "test-systemz\test-systemz.vcxproj", "{D83F2A2D-D5F1-421E-A5B7-B47F1ECABAD2}"
EndProject
Project("{8BC9CEB8-8B4A-11D0-8D11-00A0C91BC942}") = "test-detail", "test-detail\test-detail.vcxproj", "{A510F308-3094-4FF6-9DFC-539CC5260BA4}"
EndProject
Project("{8BC9CEB8-8B4A-11D0-8D11-00A0C91BC942}") = "test-skipdata", "test-skipdata\test-skipdata.vcxproj", "{B09819BB-7EF1-4B04-945D-58117E6940A1}"
EndProject
Global
	GlobalSection(SolutionConfigurationPlatforms) = preSolution
		Debug|Win32 = Debug|Win32
		Debug|x64 = Debug|x64
		Release|Win32 = Release|Win32
		Release|x64 = Release|x64
	EndGlobalSection
	GlobalSection(ProjectConfigurationPlatforms) = postSolution
		{5B01D900-2359-44CA-9914-6B0C6AFB7BE7}.Debug|Win32.ActiveCfg = Debug|Win32
		{5B01D900-2359-44CA-9914-6B0C6AFB7BE7}.Debug|Win32.Build.0 = Debug|Win32
		{5B01D900-2359-44CA-9914-6B0C6AFB7BE7}.Debug|x64.ActiveCfg = Debug|x64
		{5B01D900-2359-44CA-9914-6B0C6AFB7BE7}.Debug|x64.Build.0 = Debug|x64
		{5B01D900-2359-44CA-9914-6B0C6AFB7BE7}.Release|Win32.ActiveCfg = Release|Win32
		{5B01D900-2359-44CA-9914-6B0C6AFB7BE7}.Release|Win32.Build.0 = Release|Win32
		{5B01D900-2359-44CA-9914-6B0C6AFB7BE7}.Release|x64.ActiveCfg = Release|x64
		{5B01D900-2359-44CA-9914-6B0C6AFB7BE7}.Release|x64.Build.0 = Release|x64
		{B291E0D9-4B39-4AF8-971D-A015B78D54A1}.Debug|Win32.ActiveCfg = Debug|Win32
		{B291E0D9-4B39-4AF8-971D-A015B78D54A1}.Debug|Win32.Build.0 = Debug|Win32
		{B291E0D9-4B39-4AF8-971D-A015B78D54A1}.Debug|x64.ActiveCfg = Debug|x64
		{B291E0D9-4B39-4AF8-971D-A015B78D54A1}.Debug|x64.Build.0 = Debug|x64
		{B291E0D9-4B39-4AF8-971D-A015B78D54A1}.Release|Win32.ActiveCfg = Release|Win32
		{B291E0D9-4B39-4AF8-971D-A015B78D54A1}.Release|Win32.Build.0 = Release|Win32
		{B291E0D9-4B39-4AF8-971D-A015B78D54A1}.Release|x64.ActiveCfg = Release|x64
		{B291E0D9-4B39-4AF8-971D-A015B78D54A1}.Release|x64.Build.0 = Release|x64
		{9C69243E-C7DC-42A4-AB86-0696E51697C8}.Debug|Win32.ActiveCfg = Debug|Win32
		{9C69243E-C7DC-42A4-AB86-0696E51697C8}.Debug|Win32.Build.0 = Debug|Win32
		{9C69243E-C7DC-42A4-AB86-0696E51697C8}.Debug|x64.ActiveCfg = Debug|x64
		{9C69243E-C7DC-42A4-AB86-0696E51697C8}.Debug|x64.Build.0 = Debug|x64
		{9C69243E-C7DC-42A4-AB86-0696E51697C8}.Release|Win32.ActiveCfg = Release|Win32
		{9C69243E-C7DC-42A4-AB86-0696E51697C8}.Release|Win32.Build.0 = Release|Win32
		{9C69243E-C7DC-42A4-AB86-0696E51697C8}.Release|x64.ActiveCfg = Release|x64
		{9C69243E-C7DC-42A4-AB86-0696E51697C8}.Release|x64.Build.0 = Release|x64
		{349B99E4-2E79-44FE-96F9-02D9B4EC0584}.Debug|Win32.ActiveCfg = Debug|Win32
		{349B99E4-2E79-44FE-96F9-02D9B4EC0584}.Debug|Win32.Build.0 = Debug|Win32
		{349B99E4-2E79-44FE-96F9-02D9B4EC0584}.Debug|x64.ActiveCfg = Debug|x64
		{349B99E4-2E79-44FE-96F9-02D9B4EC0584}.Debug|x64.Build.0 = Debug|x64
		{349B99E4-2E79-44FE-96F9-02D9B4EC0584}.Release|Win32.ActiveCfg = Release|Win32
		{349B99E4-2E79-44FE-96F9-02D9B4EC0584}.Release|Win32.Build.0 = Release|Win32
		{349B99E4-2E79-44FE-96F9-02D9B4EC0584}.Release|x64.ActiveCfg = Release|x64
		{349B99E4-2E79-44FE-96F9-02D9B4EC0584}.Release|x64.Build.0 = Release|x64
		{CBE31473-7D0E-41F5-AFCB-8C8422ED8908}.Debug|Win32.ActiveCfg = Debug|Win32
		{CBE31473-7D0E-41F5-AFCB-8C8422ED8908}.Debug|Win32.Build.0 = Debug|Win32
		{CBE31473-7D0E-41F5-AFCB-8C8422ED8908}.Debug|x64.ActiveCfg = Debug|x64
		{CBE31473-7D0E-41F5-AFCB-8C8422ED8908}.Debug|x64.Build.0 = Debug|x64
		{CBE31473-7D0E-41F5-AFCB-8C8422ED8908}.Release|Win32.ActiveCfg = Release|Win32
		{CBE31473-7D0E-41F5-AFCB-8C8422ED8908}.Release|Win32.Build.0 = Release|Win32
		{CBE31473-7D0E-41F5-AFCB-8C8422ED8908}.Release|x64.ActiveCfg = Release|x64
		{CBE31473-7D0E-41F5-AFCB-8C8422ED8908}.Release|x64.Build.0 = Release|x64
		{28B2D82F-3E95-4ECE-8118-0E891BD453E0}.Debug|Win32.ActiveCfg = Debug|Win32
		{28B2D82F-3E95-4ECE-8118-0E891BD453E0}.Debug|Win32.Build.0 = Debug|Win32
		{28B2D82F-3E95-4ECE-8118-0E891BD453E0}.Debug|x64.ActiveCfg = Debug|x64
		{28B2D82F-3E95-4ECE-8118-0E891BD453E0}.Debug|x64.Build.0 = Debug|x64
		{28B2D82F-3E95-4ECE-8118-0E891BD453E0}.Release|Win32.ActiveCfg = Release|Win32
		{28B2D82F-3E95-4ECE-8118-0E891BD453E0}.Release|Win32.Build.0 = Release|Win32
		{28B2D82F-3E95-4ECE-8118-0E891BD453E0}.Release|x64.ActiveCfg = Release|x64
		{28B2D82F-3E95-4ECE-8118-0E891BD453E0}.Release|x64.Build.0 = Release|x64
		{0B78E956-F897-4149-BFB2-BE87DA3A6F0D}.Debug|Win32.ActiveCfg = Debug|Win32
		{0B78E956-F897-4149-BFB2-BE87DA3A6F0D}.Debug|Win32.Build.0 = Debug|Win32
		{0B78E956-F897-4149-BFB2-BE87DA3A6F0D}.Debug|x64.ActiveCfg = Debug|x64
		{0B78E956-F897-4149-BFB2-BE87DA3A6F0D}.Debug|x64.Build.0 = Debug|x64
		{0B78E956-F897-4149-BFB2-BE87DA3A6F0D}.Release|Win32.ActiveCfg = Release|Win32
		{0B78E956-F897-4149-BFB2-BE87DA3A6F0D}.Release|Win32.Build.0 = Release|Win32
		{0B78E956-F897-4149-BFB2-BE87DA3A6F0D}.Release|x64.ActiveCfg = Release|x64
		{0B78E956-F897-4149-BFB2-BE87DA3A6F0D}.Release|x64.Build.0 = Release|x64
		{9E735ABA-00D9-4114-A9E7-0568D8DFF94B}.Debug|Win32.ActiveCfg = Debug|Win32
		{9E735ABA-00D9-4114-A9E7-0568D8DFF94B}.Debug|Win32.Build.0 = Debug|Win32
		{9E735ABA-00D9-4114-A9E7-0568D8DFF94B}.Debug|x64.ActiveCfg = Debug|x64
		{9E735ABA-00D9-4114-A9E7-0568D8DFF94B}.Debug|x64.Build.0 = Debug|x64
		{9E735ABA-00D9-4114-A9E7-0568D8DFF94B}.Release|Win32.ActiveCfg = Release|Win32
		{9E735ABA-00D9-4114-A9E7-0568D8DFF94B}.Release|Win32.Build.0 = Release|Win32
		{9E735ABA-00D9-4114-A9E7-0568D8DFF94B}.Release|x64.ActiveCfg = Release|x64
		{9E735ABA-00D9-4114-A9E7-0568D8DFF94B}.Release|x64.Build.0 = Release|x64
		{D83F2A2D-D5F1-421E-A5B7-B47F1ECABAD2}.Debug|Win32.ActiveCfg = Debug|Win32
		{D83F2A2D-D5F1-421E-A5B7-B47F1ECABAD2}.Debug|Win32.Build.0 = Debug|Win32
		{D83F2A2D-D5F1-421E-A5B7-B47F1ECABAD2}.Debug|x64.ActiveCfg = Debug|x64
		{D83F2A2D-D5F1-421E-A5B7-B47F1ECABAD2}.Debug|x64.Build.0 = Debug|x64
		{D83F2A2D-D5F1-421E-A5B7-B47F1ECABAD2}.Release|Win32.ActiveCfg = Release|Win32
		{D83F2A2D-D5F1-421E-A5B7-B47F1ECABAD2}.Release|Win32.Build.0 = Release|Win32
		{D83F2A2D-D5F1-421E-A5B7-B47F1ECABAD2}.Release|x64.ActiveCfg = Release|x64
		{D83F2A2D-D5F1-421E-A5B7-B47F1ECABAD2}.Release|x64.Build.0 = Release|x64
		{A510F308-3094-4FF6-9DFC-539CC5260BA4}.Debug|Win32.ActiveCfg = Debug|Win32
		{A510F308-3094-4FF6-9DFC-539CC5260BA4}.Debug|Win32.Build.0 = Debug|Win32
		{A510F308-3094-4FF6-9DFC-539CC5260BA4}.Debug|x64.ActiveCfg = Debug|x64
		{A510F308-3094-4FF6-9DFC-539CC5260BA4}.Debug|x64.Build.0 = Debug|x64
		{A510F308-3094-4FF6-9DFC-539CC5260BA4}.Release|Win32.ActiveCfg = Release|Win32
		{A510F308-3094-4FF6-9DFC-539CC5260BA4}.Release|Win32.Build.0 = Release|Win32
		{A510F308-3094-4FF6-9DFC-539CC5260BA4}.Release|x64.ActiveCfg = Release|x64
		{A510F308-3094-4FF6-9DFC-539CC5260BA4}.Release|x64.Build.0 = Release|x64
		{B09819BB-7EF1-4B04-945D-58117E6940A1}.Debug|Win32.ActiveCfg = Debug|Win32
		{B09819BB-7EF1-4B04-945D-58117E6940A1}.Debug|Win32.Build.0 = Debug|Win32
		{B09819BB-7EF1-4B04-945D-58117E6940A1}.Debug|x64.ActiveCfg = Debug|x64
		{B09819BB-7EF1-4B04-945D-58117E6940A1}.Debug|x64.Build.0 = Debug|x64
		{B09819BB-7EF1-4B04-945D-58117E6940A1}.Release|Win32.ActiveCfg = Release|Win32
		{B09819BB-7EF1-4B04-945D-58117E6940A1}.Release|Win32.Build.0 = Release|Win32
		{B09819BB-7EF1-4B04-945D-58117E6940A1}.Release|x64.ActiveCfg = Release|x64
		{B09819BB-7EF1-4B04-945D-58117E6940A1}.Release|x64.Build.0 = Release|x64
	EndGlobalSection
	GlobalSection(SolutionProperties) = preSolution
		HideSolutionNode = FALSE
	EndGlobalSection
EndGlobal
